
Microsoft Visual Studio Solution File, Format Version 12.00
# Visual Studio Version 17
VisualStudioVersion = 17.0.31903.59
MinimumVisualStudioVersion = 10.0.40219.1
Project("{2150E333-8FDC-42A3-9474-1A3956D46DE8}") = "Cut-Roll-Users", "Cut-Roll-Users", "{95E30246-5725-4A7E-9727-1F443FFFD1C5}"
EndProject
Project("{2150E333-8FDC-42A3-9474-1A3956D46DE8}") = "src", "src", "{A65522CD-BFFC-43C7-AAA4-BD008E5A985B}"
EndProject
Project("{FAE04EC0-301F-11D3-BF4B-00C04F79EFBC}") = "Cut-Roll-Users.Infrastructure", "Cut-Roll-Users\src\Cut-Roll-Users.Infrastructure\Cut-Roll-Users.Infrastructure.csproj", "{EB8EFCC2-7528-4DC6-8D66-C876607E75E7}"
EndProject
Project("{FAE04EC0-301F-11D3-BF4B-00C04F79EFBC}") = "Cut-Roll-Users.Core", "Cut-Roll-Users\src\Cut-Roll-Users.Core\Cut-Roll-Users.Core.csproj", "{41F74BA0-8ECD-495F-AAF9-3BF79F2D7ADA}"
EndProject
Project("{FAE04EC0-301F-11D3-BF4B-00C04F79EFBC}") = "Cut-Roll-Users.Api", "Cut-Roll-Users\src\Cut-Roll-Users.Api\Cut-Roll-Users.Api.csproj", "{1F54B4F9-5E8F-4F1D-8282-C9D3F0BE7B75}"
EndProject
Global
	GlobalSection(SolutionConfigurationPlatforms) = preSolution
		Debug|Any CPU = Debug|Any CPU
		Release|Any CPU = Release|Any CPU
	EndGlobalSection
	GlobalSection(SolutionProperties) = preSolution
		HideSolutionNode = FALSE
	EndGlobalSection
	GlobalSection(ProjectConfigurationPlatforms) = postSolution
		{EB8EFCC2-7528-4DC6-8D66-C876607E75E7}.Debug|Any CPU.ActiveCfg = Debug|Any CPU
		{EB8EFCC2-7528-4DC6-8D66-C876607E75E7}.Debug|Any CPU.Build.0 = Debug|Any CPU
		{EB8EFCC2-7528-4DC6-8D66-C876607E75E7}.Release|Any CPU.ActiveCfg = Release|Any CPU
		{EB8EFCC2-7528-4DC6-8D66-C876607E75E7}.Release|Any CPU.Build.0 = Release|Any CPU
		{41F74BA0-8ECD-495F-AAF9-3BF79F2D7ADA}.Debug|Any CPU.ActiveCfg = Debug|Any CPU
		{41F74BA0-8ECD-495F-AAF9-3BF79F2D7ADA}.Debug|Any CPU.Build.0 = Debug|Any CPU
		{41F74BA0-8ECD-495F-AAF9-3BF79F2D7ADA}.Release|Any CPU.ActiveCfg = Release|Any CPU
		{41F74BA0-8ECD-495F-AAF9-3BF79F2D7ADA}.Release|Any CPU.Build.0 = Release|Any CPU
		{1F54B4F9-5E8F-4F1D-8282-C9D3F0BE7B75}.Debug|Any CPU.ActiveCfg = Debug|Any CPU
		{1F54B4F9-5E8F-4F1D-8282-C9D3F0BE7B75}.Debug|Any CPU.Build.0 = Debug|Any CPU
		{1F54B4F9-5E8F-4F1D-8282-C9D3F0BE7B75}.Release|Any CPU.ActiveCfg = Release|Any CPU
		{1F54B4F9-5E8F-4F1D-8282-C9D3F0BE7B75}.Release|Any CPU.Build.0 = Release|Any CPU
	EndGlobalSection
	GlobalSection(NestedProjects) = preSolution
		{A65522CD-BFFC-43C7-AAA4-BD008E5A985B} = {95E30246-5725-4A7E-9727-1F443FFFD1C5}
		{EB8EFCC2-7528-4DC6-8D66-C876607E75E7} = {A65522CD-BFFC-43C7-AAA4-BD008E5A985B}
		{41F74BA0-8ECD-495F-AAF9-3BF79F2D7ADA} = {A65522CD-BFFC-43C7-AAA4-BD008E5A985B}
		{1F54B4F9-5E8F-4F1D-8282-C9D3F0BE7B75} = {A65522CD-BFFC-43C7-AAA4-BD008E5A985B}
	EndGlobalSection
EndGlobal
